
Microsoft Visual Studio Solution File, Format Version 12.00
# Visual Studio Version 17
VisualStudioVersion = 17.10.35122.118
MinimumVisualStudioVersion = 10.0.40219.1
Project("{FAE04EC0-301F-11D3-BF4B-00C04F79EFBC}") = "tarea2__2", "tarea2__2\tarea2__2.csproj", "{47F3A113-E739-4358-A39E-C28429BEF10B}"
EndProject
Global
	GlobalSection(SolutionConfigurationPlatforms) = preSolution
		Debug|Any CPU = Debug|Any CPU
		Release|Any CPU = Release|Any CPU
	EndGlobalSection
	GlobalSection(ProjectConfigurationPlatforms) = postSolution
		{47F3A113-E739-4358-A39E-C28429BEF10B}.Debug|Any CPU.ActiveCfg = Debug|Any CPU
		{47F3A113-E739-4358-A39E-C28429BEF10B}.Debug|Any CPU.Build.0 = Debug|Any CPU
		{47F3A113-E739-4358-A39E-C28429BEF10B}.Release|Any CPU.ActiveCfg = Release|Any CPU
		{47F3A113-E739-4358-A39E-C28429BEF10B}.Release|Any CPU.Build.0 = Release|Any CPU
	EndGlobalSection
	GlobalSection(SolutionProperties) = preSolution
		HideSolutionNode = FALSE
	EndGlobalSection
	GlobalSection(ExtensibilityGlobals) = postSolution
		SolutionGuid = {1D4E833E-C08C-4CA3-AE38-D1B89754F218}
	EndGlobalSection
EndGlobal
